
Microsoft Visual Studio Solution File, Format Version 12.00
# Visual Studio Version 17
VisualStudioVersion = 17.0.31912.275
MinimumVisualStudioVersion = 10.0.40219.1
Project("{FAE04EC0-301F-11D3-BF4B-00C04F79EFBC}") = "AoC2022", "AoC2022.csproj", "{BEBBDFFF-AAD2-4E0C-B259-450BE4103609}"
EndProject
Global
	GlobalSection(SolutionConfigurationPlatforms) = preSolution
		Debug|Any CPU = Debug|Any CPU
		Release|Any CPU = Release|Any CPU
	EndGlobalSection
	GlobalSection(ProjectConfigurationPlatforms) = postSolution
		{BEBBDFFF-AAD2-4E0C-B259-450BE4103609}.Debug|Any CPU.ActiveCfg = Debug|Any CPU
		{BEBBDFFF-AAD2-4E0C-B259-450BE4103609}.Debug|Any CPU.Build.0 = Debug|Any CPU
		{BEBBDFFF-AAD2-4E0C-B259-450BE4103609}.Release|Any CPU.ActiveCfg = Release|Any CPU
		{BEBBDFFF-AAD2-4E0C-B259-450BE4103609}.Release|Any CPU.Build.0 = Release|Any CPU
	EndGlobalSection
	GlobalSection(SolutionProperties) = preSolution
		HideSolutionNode = FALSE
	EndGlobalSection
	GlobalSection(ExtensibilityGlobals) = postSolution
		SolutionGuid = {1180D72C-F057-48A9-9B76-565D49936DDD}
	EndGlobalSection
EndGlobal
